
Microsoft Visual Studio Solution File, Format Version 12.00
# Visual Studio Version 17
VisualStudioVersion = 17.14.36221.1 d17.14
MinimumVisualStudioVersion = 10.0.40219.1
Project("{FAE04EC0-301F-11D3-BF4B-00C04F79EFBC}") = "App.ProyectoCreditos.Datos", "App.ProyectoCreditos.Datos\App.ProyectoCreditos.Datos.csproj", "{02DBDF60-B84E-4A59-8123-846F57084899}"
EndProject
Project("{FAE04EC0-301F-11D3-BF4B-00C04F79EFBC}") = "App.ProyectoCreditos.WebApi", "App.ProyectoCreditos.WebApi\App.ProyectoCreditos.WebApi.csproj", "{CABE9E7C-249C-4BC9-BB80-40836209C297}"
EndProject
Project("{FAE04EC0-301F-11D3-BF4B-00C04F79EFBC}") = "App.Service.Implementacion", "App.Service.Implementacion\App.Service.Implementacion.csproj", "{3B957FCE-2904-46FC-A89B-C4875990D1E1}"
EndProject
Global
	GlobalSection(SolutionConfigurationPlatforms) = preSolution
		Debug|Any CPU = Debug|Any CPU
		Release|Any CPU = Release|Any CPU
	EndGlobalSection
	GlobalSection(ProjectConfigurationPlatforms) = postSolution
		{02DBDF60-B84E-4A59-8123-846F57084899}.Debug|Any CPU.ActiveCfg = Debug|Any CPU
		{02DBDF60-B84E-4A59-8123-846F57084899}.Debug|Any CPU.Build.0 = Debug|Any CPU
		{02DBDF60-B84E-4A59-8123-846F57084899}.Release|Any CPU.ActiveCfg = Release|Any CPU
		{02DBDF60-B84E-4A59-8123-846F57084899}.Release|Any CPU.Build.0 = Release|Any CPU
		{CABE9E7C-249C-4BC9-BB80-40836209C297}.Debug|Any CPU.ActiveCfg = Debug|Any CPU
		{CABE9E7C-249C-4BC9-BB80-40836209C297}.Debug|Any CPU.Build.0 = Debug|Any CPU
		{CABE9E7C-249C-4BC9-BB80-40836209C297}.Release|Any CPU.ActiveCfg = Release|Any CPU
		{CABE9E7C-249C-4BC9-BB80-40836209C297}.Release|Any CPU.Build.0 = Release|Any CPU
		{3B957FCE-2904-46FC-A89B-C4875990D1E1}.Debug|Any CPU.ActiveCfg = Debug|Any CPU
		{3B957FCE-2904-46FC-A89B-C4875990D1E1}.Debug|Any CPU.Build.0 = Debug|Any CPU
		{3B957FCE-2904-46FC-A89B-C4875990D1E1}.Release|Any CPU.ActiveCfg = Release|Any CPU
		{3B957FCE-2904-46FC-A89B-C4875990D1E1}.Release|Any CPU.Build.0 = Release|Any CPU
	EndGlobalSection
	GlobalSection(SolutionProperties) = preSolution
		HideSolutionNode = FALSE
	EndGlobalSection
	GlobalSection(ExtensibilityGlobals) = postSolution
		SolutionGuid = {4B4FFF0A-2C11-416C-A1A6-4092F9F5591B}
	EndGlobalSection
EndGlobal
